
Microsoft Visual Studio Solution File, Format Version 12.00
# Visual Studio 2012
Project("{FAE04EC0-301F-11D3-BF4B-00C04F79EFBC}") = "FN.Store.UI.CLI", "FN.Store.UI.CLI\FN.Store.UI.CLI.csproj", "{E85F3A07-E6E1-43B3-AB6B-0DA05E2A8747}"
EndProject
Project("{FAE04EC0-301F-11D3-BF4B-00C04F79EFBC}") = "FN.Store.Data", "FN.Store.Data\FN.Store.Data.csproj", "{48F51F23-5383-47E1-B28B-42F0FB88C80D}"
EndProject
Project("{FAE04EC0-301F-11D3-BF4B-00C04F79EFBC}") = "FN.Store.Domain", "FN.Store.Domain\FN.Store.Domain.csproj", "{881B55BE-A23A-487D-8DA3-76D879684A6C}"
EndProject
Project("{FAE04EC0-301F-11D3-BF4B-00C04F79EFBC}") = "FN.Store.UI.Web", "FN.Store.UI.Web\FN.Store.UI.Web.csproj", "{2811A326-DF61-4F9F-A326-5FB9D0793DE7}"
EndProject
Project("{FAE04EC0-301F-11D3-BF4B-00C04F79EFBC}") = "FN.Store.Api", "FN.Store.Api\FN.Store.Api.csproj", "{12CAFDBD-D900-48A5-B273-DAFA34FFDD9B}"
EndProject
Project("{FAE04EC0-301F-11D3-BF4B-00C04F79EFBC}") = "FN.Store.WCFData", "FN.Store.WCFData\FN.Store.WCFData.csproj", "{E64341E7-9ED8-42B8-9B6D-7D1AD197CA44}"
EndProject
Project("{FAE04EC0-301F-11D3-BF4B-00C04F79EFBC}") = "FN.Store.WCFData.CLI", "FN.Store.WCFData.CLI\FN.Store.WCFData.CLI.csproj", "{2318DD90-043A-40C3-A456-5765022F2BB3}"
	ProjectSection(ProjectDependencies) = postProject
		{E64341E7-9ED8-42B8-9B6D-7D1AD197CA44} = {E64341E7-9ED8-42B8-9B6D-7D1AD197CA44}
	EndProjectSection
EndProject
Project("{2150E333-8FDC-42A3-9474-1A3956D46DE8}") = "Core", "Core", "{8B8DFA3B-F2EF-4B56-B245-9A75ACE12882}"
EndProject
Project("{2150E333-8FDC-42A3-9474-1A3956D46DE8}") = "Api", "Api", "{F5F1E333-13A9-4D5B-8F64-5C5BF440AB1C}"
EndProject
Project("{2150E333-8FDC-42A3-9474-1A3956D46DE8}") = "UI", "UI", "{A0BE8130-1DB0-41AF-8F0C-E87D82A83DB4}"
EndProject
Project("{2150E333-8FDC-42A3-9474-1A3956D46DE8}") = "Service Bus", "Service Bus", "{7A034478-A208-476F-B0E2-39CAE6414E6D}"
EndProject
Project("{FAE04EC0-301F-11D3-BF4B-00C04F79EFBC}") = "FN.Store.SB.Service", "FN.Store.SB.Service\FN.Store.SB.Service.csproj", "{F09F11F5-AB62-41D8-93F0-EA5BEA90C742}"
EndProject
Project("{FAE04EC0-301F-11D3-BF4B-00C04F79EFBC}") = "FN.Store.SB.Client", "FN.Store.SB.Client\FN.Store.SB.Client.csproj", "{332FBD63-5DA3-47E8-BA9F-BA1DB484C3C2}"
EndProject
Project("{FAE04EC0-301F-11D3-BF4B-00C04F79EFBC}") = "FN.Store.UI.ApiClient", "FN.Store.UI.ApiClient\FN.Store.UI.ApiClient.csproj", "{D0EF336C-E373-439C-9BE4-46C9ABCDF66F}"
EndProject
Global
	GlobalSection(SolutionConfigurationPlatforms) = preSolution
		Debug|Any CPU = Debug|Any CPU
		Release|Any CPU = Release|Any CPU
	EndGlobalSection
	GlobalSection(ProjectConfigurationPlatforms) = postSolution
		{E85F3A07-E6E1-43B3-AB6B-0DA05E2A8747}.Debug|Any CPU.ActiveCfg = Debug|Any CPU
		{E85F3A07-E6E1-43B3-AB6B-0DA05E2A8747}.Debug|Any CPU.Build.0 = Debug|Any CPU
		{E85F3A07-E6E1-43B3-AB6B-0DA05E2A8747}.Release|Any CPU.ActiveCfg = Release|Any CPU
		{E85F3A07-E6E1-43B3-AB6B-0DA05E2A8747}.Release|Any CPU.Build.0 = Release|Any CPU
		{48F51F23-5383-47E1-B28B-42F0FB88C80D}.Debug|Any CPU.ActiveCfg = Debug|Any CPU
		{48F51F23-5383-47E1-B28B-42F0FB88C80D}.Debug|Any CPU.Build.0 = Debug|Any CPU
		{48F51F23-5383-47E1-B28B-42F0FB88C80D}.Release|Any CPU.ActiveCfg = Release|Any CPU
		{48F51F23-5383-47E1-B28B-42F0FB88C80D}.Release|Any CPU.Build.0 = Release|Any CPU
		{881B55BE-A23A-487D-8DA3-76D879684A6C}.Debug|Any CPU.ActiveCfg = Debug|Any CPU
		{881B55BE-A23A-487D-8DA3-76D879684A6C}.Debug|Any CPU.Build.0 = Debug|Any CPU
		{881B55BE-A23A-487D-8DA3-76D879684A6C}.Release|Any CPU.ActiveCfg = Release|Any CPU
		{881B55BE-A23A-487D-8DA3-76D879684A6C}.Release|Any CPU.Build.0 = Release|Any CPU
		{2811A326-DF61-4F9F-A326-5FB9D0793DE7}.Debug|Any CPU.ActiveCfg = Debug|Any CPU
		{2811A326-DF61-4F9F-A326-5FB9D0793DE7}.Debug|Any CPU.Build.0 = Debug|Any CPU
		{2811A326-DF61-4F9F-A326-5FB9D0793DE7}.Release|Any CPU.ActiveCfg = Release|Any CPU
		{2811A326-DF61-4F9F-A326-5FB9D0793DE7}.Release|Any CPU.Build.0 = Release|Any CPU
		{12CAFDBD-D900-48A5-B273-DAFA34FFDD9B}.Debug|Any CPU.ActiveCfg = Debug|Any CPU
		{12CAFDBD-D900-48A5-B273-DAFA34FFDD9B}.Debug|Any CPU.Build.0 = Debug|Any CPU
		{12CAFDBD-D900-48A5-B273-DAFA34FFDD9B}.Release|Any CPU.ActiveCfg = Release|Any CPU
		{12CAFDBD-D900-48A5-B273-DAFA34FFDD9B}.Release|Any CPU.Build.0 = Release|Any CPU
		{E64341E7-9ED8-42B8-9B6D-7D1AD197CA44}.Debug|Any CPU.ActiveCfg = Debug|Any CPU
		{E64341E7-9ED8-42B8-9B6D-7D1AD197CA44}.Debug|Any CPU.Build.0 = Debug|Any CPU
		{E64341E7-9ED8-42B8-9B6D-7D1AD197CA44}.Release|Any CPU.ActiveCfg = Release|Any CPU
		{E64341E7-9ED8-42B8-9B6D-7D1AD197CA44}.Release|Any CPU.Build.0 = Release|Any CPU
		{2318DD90-043A-40C3-A456-5765022F2BB3}.Debug|Any CPU.ActiveCfg = Debug|Any CPU
		{2318DD90-043A-40C3-A456-5765022F2BB3}.Debug|Any CPU.Build.0 = Debug|Any CPU
		{2318DD90-043A-40C3-A456-5765022F2BB3}.Release|Any CPU.ActiveCfg = Release|Any CPU
		{2318DD90-043A-40C3-A456-5765022F2BB3}.Release|Any CPU.Build.0 = Release|Any CPU
		{F09F11F5-AB62-41D8-93F0-EA5BEA90C742}.Debug|Any CPU.ActiveCfg = Debug|Any CPU
		{F09F11F5-AB62-41D8-93F0-EA5BEA90C742}.Debug|Any CPU.Build.0 = Debug|Any CPU
		{F09F11F5-AB62-41D8-93F0-EA5BEA90C742}.Release|Any CPU.ActiveCfg = Release|Any CPU
		{F09F11F5-AB62-41D8-93F0-EA5BEA90C742}.Release|Any CPU.Build.0 = Release|Any CPU
		{332FBD63-5DA3-47E8-BA9F-BA1DB484C3C2}.Debug|Any CPU.ActiveCfg = Debug|Any CPU
		{332FBD63-5DA3-47E8-BA9F-BA1DB484C3C2}.Debug|Any CPU.Build.0 = Debug|Any CPU
		{332FBD63-5DA3-47E8-BA9F-BA1DB484C3C2}.Release|Any CPU.ActiveCfg = Release|Any CPU
		{332FBD63-5DA3-47E8-BA9F-BA1DB484C3C2}.Release|Any CPU.Build.0 = Release|Any CPU
		{D0EF336C-E373-439C-9BE4-46C9ABCDF66F}.Debug|Any CPU.ActiveCfg = Debug|Any CPU
		{D0EF336C-E373-439C-9BE4-46C9ABCDF66F}.Debug|Any CPU.Build.0 = Debug|Any CPU
		{D0EF336C-E373-439C-9BE4-46C9ABCDF66F}.Release|Any CPU.ActiveCfg = Release|Any CPU
		{D0EF336C-E373-439C-9BE4-46C9ABCDF66F}.Release|Any CPU.Build.0 = Release|Any CPU
	EndGlobalSection
	GlobalSection(SolutionProperties) = preSolution
		HideSolutionNode = FALSE
	EndGlobalSection
	GlobalSection(NestedProjects) = preSolution
		{2811A326-DF61-4F9F-A326-5FB9D0793DE7} = {A0BE8130-1DB0-41AF-8F0C-E87D82A83DB4}
		{2318DD90-043A-40C3-A456-5765022F2BB3} = {A0BE8130-1DB0-41AF-8F0C-E87D82A83DB4}
		{E85F3A07-E6E1-43B3-AB6B-0DA05E2A8747} = {A0BE8130-1DB0-41AF-8F0C-E87D82A83DB4}
		{D0EF336C-E373-439C-9BE4-46C9ABCDF66F} = {A0BE8130-1DB0-41AF-8F0C-E87D82A83DB4}
		{881B55BE-A23A-487D-8DA3-76D879684A6C} = {8B8DFA3B-F2EF-4B56-B245-9A75ACE12882}
		{48F51F23-5383-47E1-B28B-42F0FB88C80D} = {8B8DFA3B-F2EF-4B56-B245-9A75ACE12882}
		{E64341E7-9ED8-42B8-9B6D-7D1AD197CA44} = {F5F1E333-13A9-4D5B-8F64-5C5BF440AB1C}
		{12CAFDBD-D900-48A5-B273-DAFA34FFDD9B} = {F5F1E333-13A9-4D5B-8F64-5C5BF440AB1C}
		{F09F11F5-AB62-41D8-93F0-EA5BEA90C742} = {7A034478-A208-476F-B0E2-39CAE6414E6D}
		{332FBD63-5DA3-47E8-BA9F-BA1DB484C3C2} = {7A034478-A208-476F-B0E2-39CAE6414E6D}
	EndGlobalSection
EndGlobal
